// !$*UTF8*$!
{
	archiveVersion = 1;
	classes = {
	};
	objectVersion = 56;
	objects = {

/* Begin PBXBuildFile section */
		47510F5D2B4BF7350035ADC2 /* AppDelegate.swift in Sources */ = {isa = PBXBuildFile; fileRef = 47510F5C2B4BF7350035ADC2 /* AppDelegate.swift */; };
		47510F5F2B4BF7350035ADC2 /* SceneDelegate.swift in Sources */ = {isa = PBXBuildFile; fileRef = 47510F5E2B4BF7350035ADC2 /* SceneDelegate.swift */; };
		47510F612B4BF7350035ADC2 /* ViewController.swift in Sources */ = {isa = PBXBuildFile; fileRef = 47510F602B4BF7350035ADC2 /* ViewController.swift */; };
		47510F642B4BF7350035ADC2 /* Main.storyboard in Resources */ = {isa = PBXBuildFile; fileRef = 47510F622B4BF7350035ADC2 /* Main.storyboard */; };
		47510F672B4BF7350035ADC2 /* QuizzApp.xcdatamodeld in Sources */ = {isa = PBXBuildFile; fileRef = 47510F652B4BF7350035ADC2 /* QuizzApp.xcdatamodeld */; };
		47510F692B4BF7360035ADC2 /* Assets.xcassets in Resources */ = {isa = PBXBuildFile; fileRef = 47510F682B4BF7360035ADC2 /* Assets.xcassets */; };
		47510F6C2B4BF7360035ADC2 /* LaunchScreen.storyboard in Resources */ = {isa = PBXBuildFile; fileRef = 47510F6A2B4BF7360035ADC2 /* LaunchScreen.storyboard */; };
		47510F772B4BF7370035ADC2 /* QuizzAppTests.swift in Sources */ = {isa = PBXBuildFile; fileRef = 47510F762B4BF7370035ADC2 /* QuizzAppTests.swift */; };
		47510F812B4BF7370035ADC2 /* QuizzAppUITests.swift in Sources */ = {isa = PBXBuildFile; fileRef = 47510F802B4BF7370035ADC2 /* QuizzAppUITests.swift */; };
		47510F832B4BF7370035ADC2 /* QuizzAppUITestsLaunchTests.swift in Sources */ = {isa = PBXBuildFile; fileRef = 47510F822B4BF7370035ADC2 /* QuizzAppUITestsLaunchTests.swift */; };
		47510F952B4C49920035ADC2 /* Question.swift in Sources */ = {isa = PBXBuildFile; fileRef = 47510F942B4C49920035ADC2 /* Question.swift */; };
		47510F972B4C499C0035ADC2 /* QuizBrain.swift in Sources */ = {isa = PBXBuildFile; fileRef = 47510F962B4C499C0035ADC2 /* QuizBrain.swift */; };
/* End PBXBuildFile section */

/* Begin PBXContainerItemProxy section */
		47510F732B4BF7370035ADC2 /* PBXContainerItemProxy */ = {
			isa = PBXContainerItemProxy;
			containerPortal = 47510F512B4BF7350035ADC2 /* Project object */;
			proxyType = 1;
			remoteGlobalIDString = 47510F582B4BF7350035ADC2;
			remoteInfo = QuizzApp;
		};
		47510F7D2B4BF7370035ADC2 /* PBXContainerItemProxy */ = {
			isa = PBXContainerItemProxy;
			containerPortal = 47510F512B4BF7350035ADC2 /* Project object */;
			proxyType = 1;
			remoteGlobalIDString = 47510F582B4BF7350035ADC2;
			remoteInfo = QuizzApp;
		};
/* End PBXContainerItemProxy section */

/* Begin PBXFileReference section */
		47510F592B4BF7350035ADC2 /* QuizzApp.app */ = {isa = PBXFileReference; explicitFileType = wrapper.application; includeInIndex = 0; path = QuizzApp.app; sourceTree = BUILT_PRODUCTS_DIR; };
		47510F5C2B4BF7350035ADC2 /* AppDelegate.swift */ = {isa = PBXFileReference; lastKnownFileType = sourcecode.swift; path = AppDelegate.swift; sourceTree = "<group>"; };
		47510F5E2B4BF7350035ADC2 /* SceneDelegate.swift */ = {isa = PBXFileReference; lastKnownFileType = sourcecode.swift; path = SceneDelegate.swift; sourceTree = "<group>"; };
		47510F602B4BF7350035ADC2 /* ViewController.swift */ = {isa = PBXFileReference; lastKnownFileType = sourcecode.swift; path = ViewController.swift; sourceTree = "<group>"; };
		47510F632B4BF7350035ADC2 /* Base */ = {isa = PBXFileReference; lastKnownFileType = file.storyboard; name = Base; path = Base.lproj/Main.storyboard; sourceTree = "<group>"; };
		47510F662B4BF7350035ADC2 /* QuizzApp.xcdatamodel */ = {isa = PBXFileReference; lastKnownFileType = wrapper.xcdatamodel; path = QuizzApp.xcdatamodel; sourceTree = "<group>"; };
		47510F682B4BF7360035ADC2 /* Assets.xcassets */ = {isa = PBXFileReference; lastKnownFileType = folder.assetcatalog; path = Assets.xcassets; sourceTree = "<group>"; };
		47510F6B2B4BF7360035ADC2 /* Base */ = {isa = PBXFileReference; lastKnownFileType = file.storyboard; name = Base; path = Base.lproj/LaunchScreen.storyboard; sourceTree = "<group>"; };
		47510F6D2B4BF7360035ADC2 /* Info.plist */ = {isa = PBXFileReference; lastKnownFileType = text.plist.xml; path = Info.plist; sourceTree = "<group>"; };
		47510F722B4BF7370035ADC2 /* QuizzAppTests.xctest */ = {isa = PBXFileReference; explicitFileType = wrapper.cfbundle; includeInIndex = 0; path = QuizzAppTests.xctest; sourceTree = BUILT_PRODUCTS_DIR; };
		47510F762B4BF7370035ADC2 /* QuizzAppTests.swift */ = {isa = PBXFileReference; lastKnownFileType = sourcecode.swift; path = QuizzAppTests.swift; sourceTree = "<group>"; };
		47510F7C2B4BF7370035ADC2 /* QuizzAppUITests.xctest */ = {isa = PBXFileReference; explicitFileType = wrapper.cfbundle; includeInIndex = 0; path = QuizzAppUITests.xctest; sourceTree = BUILT_PRODUCTS_DIR; };
		47510F802B4BF7370035ADC2 /* QuizzAppUITests.swift */ = {isa = PBXFileReference; lastKnownFileType = sourcecode.swift; path = QuizzAppUITests.swift; sourceTree = "<group>"; };
		47510F822B4BF7370035ADC2 /* QuizzAppUITestsLaunchTests.swift */ = {isa = PBXFileReference; lastKnownFileType = sourcecode.swift; path = QuizzAppUITestsLaunchTests.swift; sourceTree = "<group>"; };
		47510F942B4C49920035ADC2 /* Question.swift */ = {isa = PBXFileReference; lastKnownFileType = sourcecode.swift; path = Question.swift; sourceTree = "<group>"; };
		47510F962B4C499C0035ADC2 /* QuizBrain.swift */ = {isa = PBXFileReference; lastKnownFileType = sourcecode.swift; path = QuizBrain.swift; sourceTree = "<group>"; };
/* End PBXFileReference section */

/* Begin PBXFrameworksBuildPhase section */
		47510F562B4BF7350035ADC2 /* Frameworks */ = {
			isa = PBXFrameworksBuildPhase;
			buildActionMask = 2147483647;
			files = (
			);
			runOnlyForDeploymentPostprocessing = 0;
		};
		47510F6F2B4BF7370035ADC2 /* Frameworks */ = {
			isa = PBXFrameworksBuildPhase;
			buildActionMask = 2147483647;
			files = (
			);
			runOnlyForDeploymentPostprocessing = 0;
		};
		47510F792B4BF7370035ADC2 /* Frameworks */ = {
			isa = PBXFrameworksBuildPhase;
			buildActionMask = 2147483647;
			files = (
			);
			runOnlyForDeploymentPostprocessing = 0;
		};
/* End PBXFrameworksBuildPhase section */

/* Begin PBXGroup section */
		47510F502B4BF7350035ADC2 = {
			isa = PBXGroup;
			children = (
				47510F5B2B4BF7350035ADC2 /* QuizzApp */,
				47510F752B4BF7370035ADC2 /* QuizzAppTests */,
				47510F7F2B4BF7370035ADC2 /* QuizzAppUITests */,
				47510F5A2B4BF7350035ADC2 /* Products */,
			);
			sourceTree = "<group>";
		};
		47510F5A2B4BF7350035ADC2 /* Products */ = {
			isa = PBXGroup;
			children = (
				47510F592B4BF7350035ADC2 /* QuizzApp.app */,
				47510F722B4BF7370035ADC2 /* QuizzAppTests.xctest */,
				47510F7C2B4BF7370035ADC2 /* QuizzAppUITests.xctest */,
			);
			name = Products;
			sourceTree = "<group>";
		};
		47510F5B2B4BF7350035ADC2 /* QuizzApp */ = {
			isa = PBXGroup;
			children = (
				47510F912B4BF74A0035ADC2 /* Controller */,
				47510F902B4BF7450035ADC2 /* View */,
				47510F8F2B4BF73F0035ADC2 /* Model */,
				47510F5C2B4BF7350035ADC2 /* AppDelegate.swift */,
				47510F5E2B4BF7350035ADC2 /* SceneDelegate.swift */,
				47510F682B4BF7360035ADC2 /* Assets.xcassets */,
				47510F6D2B4BF7360035ADC2 /* Info.plist */,
				47510F652B4BF7350035ADC2 /* QuizzApp.xcdatamodeld */,
			);
			path = QuizzApp;
			sourceTree = "<group>";
		};
		47510F752B4BF7370035ADC2 /* QuizzAppTests */ = {
			isa = PBXGroup;
			children = (
				47510F762B4BF7370035ADC2 /* QuizzAppTests.swift */,
			);
			path = QuizzAppTests;
			sourceTree = "<group>";
		};
		47510F7F2B4BF7370035ADC2 /* QuizzAppUITests */ = {
			isa = PBXGroup;
			children = (
				47510F802B4BF7370035ADC2 /* QuizzAppUITests.swift */,
				47510F822B4BF7370035ADC2 /* QuizzAppUITestsLaunchTests.swift */,
			);
			path = QuizzAppUITests;
			sourceTree = "<group>";
		};
		47510F8F2B4BF73F0035ADC2 /* Model */ = {
			isa = PBXGroup;
			children = (
				47510F942B4C49920035ADC2 /* Question.swift */,
				47510F962B4C499C0035ADC2 /* QuizBrain.swift */,
			);
			path = Model;
			sourceTree = "<group>";
		};
		47510F902B4BF7450035ADC2 /* View */ = {
			isa = PBXGroup;
			children = (
				47510F622B4BF7350035ADC2 /* Main.storyboard */,
				47510F6A2B4BF7360035ADC2 /* LaunchScreen.storyboard */,
			);
			path = View;
			sourceTree = "<group>";
		};
		47510F912B4BF74A0035ADC2 /* Controller */ = {
			isa = PBXGroup;
			children = (
				47510F602B4BF7350035ADC2 /* ViewController.swift */,
			);
			path = Controller;
			sourceTree = "<group>";
		};
/* End PBXGroup section */

/* Begin PBXNativeTarget section */
		47510F582B4BF7350035ADC2 /* QuizzApp */ = {
			isa = PBXNativeTarget;
			buildConfigurationList = 47510F862B4BF7370035ADC2 /* Build configuration list for PBXNativeTarget "QuizzApp" */;
			buildPhases = (
				47510F552B4BF7350035ADC2 /* Sources */,
				47510F562B4BF7350035ADC2 /* Frameworks */,
				47510F572B4BF7350035ADC2 /* Resources */,
			);
			buildRules = (
			);
			dependencies = (
			);
			name = QuizzApp;
			productName = QuizzApp;
			productReference = 47510F592B4BF7350035ADC2 /* QuizzApp.app */;
			productType = "com.apple.product-type.application";
		};
		47510F712B4BF7370035ADC2 /* QuizzAppTests */ = {
			isa = PBXNativeTarget;
			buildConfigurationList = 47510F892B4BF7370035ADC2 /* Build configuration list for PBXNativeTarget "QuizzAppTests" */;
			buildPhases = (
				47510F6E2B4BF7370035ADC2 /* Sources */,
				47510F6F2B4BF7370035ADC2 /* Frameworks */,
				47510F702B4BF7370035ADC2 /* Resources */,
			);
			buildRules = (
			);
			dependencies = (
				47510F742B4BF7370035ADC2 /* PBXTargetDependency */,
			);
			name = QuizzAppTests;
			productName = QuizzAppTests;
			productReference = 47510F722B4BF7370035ADC2 /* QuizzAppTests.xctest */;
			productType = "com.apple.product-type.bundle.unit-test";
		};
		47510F7B2B4BF7370035ADC2 /* QuizzAppUITests */ = {
			isa = PBXNativeTarget;
			buildConfigurationList = 47510F8C2B4BF7370035ADC2 /* Build configuration list for PBXNativeTarget "QuizzAppUITests" */;
			buildPhases = (
				47510F782B4BF7370035ADC2 /* Sources */,
				47510F792B4BF7370035ADC2 /* Frameworks */,
				47510F7A2B4BF7370035ADC2 /* Resources */,
			);
			buildRules = (
			);
			dependencies = (
				47510F7E2B4BF7370035ADC2 /* PBXTargetDependency */,
			);
			name = QuizzAppUITests;
			productName = QuizzAppUITests;
			productReference = 47510F7C2B4BF7370035ADC2 /* QuizzAppUITests.xctest */;
			productType = "com.apple.product-type.bundle.ui-testing";
		};
/* End PBXNativeTarget section */

/* Begin PBXProject section */
		47510F512B4BF7350035ADC2 /* Project object */ = {
			isa = PBXProject;
			attributes = {
				BuildIndependentTargetsInParallel = 1;
				LastSwiftUpdateCheck = 1500;
				LastUpgradeCheck = 1500;
				TargetAttributes = {
					47510F582B4BF7350035ADC2 = {
						CreatedOnToolsVersion = 15.0;
					};
					47510F712B4BF7370035ADC2 = {
						CreatedOnToolsVersion = 15.0;
						TestTargetID = 47510F582B4BF7350035ADC2;
					};
					47510F7B2B4BF7370035ADC2 = {
						CreatedOnToolsVersion = 15.0;
						TestTargetID = 47510F582B4BF7350035ADC2;
					};
				};
			};
			buildConfigurationList = 47510F542B4BF7350035ADC2 /* Build configuration list for PBXProject "QuizzApp" */;
			compatibilityVersion = "Xcode 14.0";
			developmentRegion = en;
			hasScannedForEncodings = 0;
			knownRegions = (
				en,
				Base,
			);
			mainGroup = 47510F502B4BF7350035ADC2;
			productRefGroup = 47510F5A2B4BF7350035ADC2 /* Products */;
			projectDirPath = "";
			projectRoot = "";
			targets = (
				47510F582B4BF7350035ADC2 /* QuizzApp */,
				47510F712B4BF7370035ADC2 /* QuizzAppTests */,
				47510F7B2B4BF7370035ADC2 /* QuizzAppUITests */,
			);
		};
/* End PBXProject section */

/* Begin PBXResourcesBuildPhase section */
		47510F572B4BF7350035ADC2 /* Resources */ = {
			isa = PBXResourcesBuildPhase;
			buildActionMask = 2147483647;
			files = (
				47510F6C2B4BF7360035ADC2 /* LaunchScreen.storyboard in Resources */,
				47510F692B4BF7360035ADC2 /* Assets.xcassets in Resources */,
				47510F642B4BF7350035ADC2 /* Main.storyboard in Resources */,
			);
			runOnlyForDeploymentPostprocessing = 0;
		};
		47510F702B4BF7370035ADC2 /* Resources */ = {
			isa = PBXResourcesBuildPhase;
			buildActionMask = 2147483647;
			files = (
			);
			runOnlyForDeploymentPostprocessing = 0;
		};
		47510F7A2B4BF7370035ADC2 /* Resources */ = {
			isa = PBXResourcesBuildPhase;
			buildActionMask = 2147483647;
			files = (
			);
			runOnlyForDeploymentPostprocessing = 0;
		};
/* End PBXResourcesBuildPhase section */

/* Begin PBXSourcesBuildPhase section */
		47510F552B4BF7350035ADC2 /* Sources */ = {
			isa = PBXSourcesBuildPhase;
			buildActionMask = 2147483647;
			files = (
				47510F612B4BF7350035ADC2 /* ViewController.swift in Sources */,
				47510F972B4C499C0035ADC2 /* QuizBrain.swift in Sources */,
				47510F672B4BF7350035ADC2 /* QuizzApp.xcdatamodeld in Sources */,
				47510F952B4C49920035ADC2 /* Question.swift in Sources */,
				47510F5D2B4BF7350035ADC2 /* AppDelegate.swift in Sources */,
				47510F5F2B4BF7350035ADC2 /* SceneDelegate.swift in Sources */,
			);
			runOnlyForDeploymentPostprocessing = 0;
		};
		47510F6E2B4BF7370035ADC2 /* Sources */ = {
			isa = PBXSourcesBuildPhase;
			buildActionMask = 2147483647;
			files = (
				47510F772B4BF7370035ADC2 /* QuizzAppTests.swift in Sources */,
			);
			runOnlyForDeploymentPostprocessing = 0;
		};
		47510F782B4BF7370035ADC2 /* Sources */ = {
			isa = PBXSourcesBuildPhase;
			buildActionMask = 2147483647;
			files = (
				47510F832B4BF7370035ADC2 /* QuizzAppUITestsLaunchTests.swift in Sources */,
				47510F812B4BF7370035ADC2 /* QuizzAppUITests.swift in Sources */,
			);
			runOnlyForDeploymentPostprocessing = 0;
		};
/* End PBXSourcesBuildPhase section */

/* Begin PBXTargetDependency section */
		47510F742B4BF7370035ADC2 /* PBXTargetDependency */ = {
			isa = PBXTargetDependency;
			target = 47510F582B4BF7350035ADC2 /* QuizzApp */;
			targetProxy = 47510F732B4BF7370035ADC2 /* PBXContainerItemProxy */;
		};
		47510F7E2B4BF7370035ADC2 /* PBXTargetDependency */ = {
			isa = PBXTargetDependency;
			target = 47510F582B4BF7350035ADC2 /* QuizzApp */;
			targetProxy = 47510F7D2B4BF7370035ADC2 /* PBXContainerItemProxy */;
		};
/* End PBXTargetDependency section */

/* Begin PBXVariantGroup section */
		47510F622B4BF7350035ADC2 /* Main.storyboard */ = {
			isa = PBXVariantGroup;
			children = (
				47510F632B4BF7350035ADC2 /* Base */,
			);
			name = Main.storyboard;
			sourceTree = "<group>";
		};
		47510F6A2B4BF7360035ADC2 /* LaunchScreen.storyboard */ = {
			isa = PBXVariantGroup;
			children = (
				47510F6B2B4BF7360035ADC2 /* Base */,
			);
			name = LaunchScreen.storyboard;
			sourceTree = "<group>";
		};
/* End PBXVariantGroup section */

/* Begin XCBuildConfiguration section */
		47510F842B4BF7370035ADC2 /* Debug */ = {
			isa = XCBuildConfiguration;
			buildSettings = {
				ALWAYS_SEARCH_USER_PATHS = NO;
				ASSETCATALOG_COMPILER_GENERATE_SWIFT_ASSET_SYMBOL_EXTENSIONS = YES;
				CLANG_ANALYZER_NONNULL = YES;
				CLANG_ANALYZER_NUMBER_OBJECT_CONVERSION = YES_AGGRESSIVE;
				CLANG_CXX_LANGUAGE_STANDARD = "gnu++20";
				CLANG_ENABLE_MODULES = YES;
				CLANG_ENABLE_OBJC_ARC = YES;
				CLANG_ENABLE_OBJC_WEAK = YES;
				CLANG_WARN_BLOCK_CAPTURE_AUTORELEASING = YES;
				CLANG_WARN_BOOL_CONVERSION = YES;
				CLANG_WARN_COMMA = YES;
				CLANG_WARN_CONSTANT_CONVERSION = YES;
				CLANG_WARN_DEPRECATED_OBJC_IMPLEMENTATIONS = YES;
				CLANG_WARN_DIRECT_OBJC_ISA_USAGE = YES_ERROR;
				CLANG_WARN_DOCUMENTATION_COMMENTS = YES;
				CLANG_WARN_EMPTY_BODY = YES;
				CLANG_WARN_ENUM_CONVERSION = YES;
				CLANG_WARN_INFINITE_RECURSION = YES;
				CLANG_WARN_INT_CONVERSION = YES;
				CLANG_WARN_NON_LITERAL_NULL_CONVERSION = YES;
				CLANG_WARN_OBJC_IMPLICIT_RETAIN_SELF = YES;
				CLANG_WARN_OBJC_LITERAL_CONVERSION = YES;
				CLANG_WARN_OBJC_ROOT_CLASS = YES_ERROR;
				CLANG_WARN_QUOTED_INCLUDE_IN_FRAMEWORK_HEADER = YES;
				CLANG_WARN_RANGE_LOOP_ANALYSIS = YES;
				CLANG_WARN_STRICT_PROTOTYPES = YES;
				CLANG_WARN_SUSPICIOUS_MOVE = YES;
				CLANG_WARN_UNGUARDED_AVAILABILITY = YES_AGGRESSIVE;
				CLANG_WARN_UNREACHABLE_CODE = YES;
				CLANG_WARN__DUPLICATE_METHOD_MATCH = YES;
				COPY_PHASE_STRIP = NO;
				DEBUG_INFORMATION_FORMAT = dwarf;
				ENABLE_STRICT_OBJC_MSGSEND = YES;
				ENABLE_TESTABILITY = YES;
				ENABLE_USER_SCRIPT_SANDBOXING = YES;
				GCC_C_LANGUAGE_STANDARD = gnu17;
				GCC_DYNAMIC_NO_PIC = NO;
				GCC_NO_COMMON_BLOCKS = YES;
				GCC_OPTIMIZATION_LEVEL = 0;
				GCC_PREPROCESSOR_DEFINITIONS = (
					"DEBUG=1",
					"$(inherited)",
				);
				GCC_WARN_64_TO_32_BIT_CONVERSION = YES;
				GCC_WARN_ABOUT_RETURN_TYPE = YES_ERROR;
				GCC_WARN_UNDECLARED_SELECTOR = YES;
				GCC_WARN_UNINITIALIZED_AUTOS = YES_AGGRESSIVE;
				GCC_WARN_UNUSED_FUNCTION = YES;
				GCC_WARN_UNUSED_VARIABLE = YES;
				IPHONEOS_DEPLOYMENT_TARGET = 17.0;
				LOCALIZATION_PREFERS_STRING_CATALOGS = YES;
				MTL_ENABLE_DEBUG_INFO = INCLUDE_SOURCE;
				MTL_FAST_MATH = YES;
				ONLY_ACTIVE_ARCH = YES;
				SDKROOT = iphoneos;
				SWIFT_ACTIVE_COMPILATION_CONDITIONS = "DEBUG $(inherited)";
				SWIFT_OPTIMIZATION_LEVEL = "-Onone";
			};
			name = Debug;
		};
		47510F852B4BF7370035ADC2 /* Release */ = {
			isa = XCBuildConfiguration;
			buildSettings = {
				ALWAYS_SEARCH_USER_PATHS = NO;
				ASSETCATALOG_COMPILER_GENERATE_SWIFT_ASSET_SYMBOL_EXTENSIONS = YES;
				CLANG_ANALYZER_NONNULL = YES;
				CLANG_ANALYZER_NUMBER_OBJECT_CONVERSION = YES_AGGRESSIVE;
				CLANG_CXX_LANGUAGE_STANDARD = "gnu++20";
				CLANG_ENABLE_MODULES = YES;
				CLANG_ENABLE_OBJC_ARC = YES;
				CLANG_ENABLE_OBJC_WEAK = YES;
				CLANG_WARN_BLOCK_CAPTURE_AUTORELEASING = YES;
				CLANG_WARN_BOOL_CONVERSION = YES;
				CLANG_WARN_COMMA = YES;
				CLANG_WARN_CONSTANT_CONVERSION = YES;
				CLANG_WARN_DEPRECATED_OBJC_IMPLEMENTATIONS = YES;
				CLANG_WARN_DIRECT_OBJC_ISA_USAGE = YES_ERROR;
				CLANG_WARN_DOCUMENTATION_COMMENTS = YES;
				CLANG_WARN_EMPTY_BODY = YES;
				CLANG_WARN_ENUM_CONVERSION = YES;
				CLANG_WARN_INFINITE_RECURSION = YES;
				CLANG_WARN_INT_CONVERSION = YES;
				CLANG_WARN_NON_LITERAL_NULL_CONVERSION = YES;
				CLANG_WARN_OBJC_IMPLICIT_RETAIN_SELF = YES;
				CLANG_WARN_OBJC_LITERAL_CONVERSION = YES;
				CLANG_WARN_OBJC_ROOT_CLASS = YES_ERROR;
				CLANG_WARN_QUOTED_INCLUDE_IN_FRAMEWORK_HEADER = YES;
				CLANG_WARN_RANGE_LOOP_ANALYSIS = YES;
				CLANG_WARN_STRICT_PROTOTYPES = YES;
				CLANG_WARN_SUSPICIOUS_MOVE = YES;
				CLANG_WARN_UNGUARDED_AVAILABILITY = YES_AGGRESSIVE;
				CLANG_WARN_UNREACHABLE_CODE = YES;
				CLANG_WARN__DUPLICATE_METHOD_MATCH = YES;
				COPY_PHASE_STRIP = NO;
				DEBUG_INFORMATION_FORMAT = "dwarf-with-dsym";
				ENABLE_NS_ASSERTIONS = NO;
				ENABLE_STRICT_OBJC_MSGSEND = YES;
				ENABLE_USER_SCRIPT_SANDBOXING = YES;
				GCC_C_LANGUAGE_STANDARD = gnu17;
				GCC_NO_COMMON_BLOCKS = YES;
				GCC_WARN_64_TO_32_BIT_CONVERSION = YES;
				GCC_WARN_ABOUT_RETURN_TYPE = YES_ERROR;
				GCC_WARN_UNDECLARED_SELECTOR = YES;
				GCC_WARN_UNINITIALIZED_AUTOS = YES_AGGRESSIVE;
				GCC_WARN_UNUSED_FUNCTION = YES;
				GCC_WARN_UNUSED_VARIABLE = YES;
				IPHONEOS_DEPLOYMENT_TARGET = 17.0;
				LOCALIZATION_PREFERS_STRING_CATALOGS = YES;
				MTL_ENABLE_DEBUG_INFO = NO;
				MTL_FAST_MATH = YES;
				SDKROOT = iphoneos;
				SWIFT_COMPILATION_MODE = wholemodule;
				VALIDATE_PRODUCT = YES;
			};
			name = Release;
		};
		47510F872B4BF7370035ADC2 /* Debug */ = {
			isa = XCBuildConfiguration;
			buildSettings = {
				ASSETCATALOG_COMPILER_APPICON_NAME = AppIcon;
				ASSETCATALOG_COMPILER_GLOBAL_ACCENT_COLOR_NAME = AccentColor;
				CODE_SIGN_STYLE = Automatic;
				CURRENT_PROJECT_VERSION = 1;
				DEVELOPMENT_TEAM = C9LRRBJZXQ;
				GENERATE_INFOPLIST_FILE = YES;
				INFOPLIST_FILE = QuizzApp/Info.plist;
				INFOPLIST_KEY_UIApplicationSupportsIndirectInputEvents = YES;
				INFOPLIST_KEY_UILaunchStoryboardName = LaunchScreen;
				INFOPLIST_KEY_UIMainStoryboardFile = Main;
				INFOPLIST_KEY_UISupportedInterfaceOrientations_iPad = "UIInterfaceOrientationPortrait UIInterfaceOrientationPortraitUpsideDown UIInterfaceOrientationLandscapeLeft UIInterfaceOrientationLandscapeRight";
				INFOPLIST_KEY_UISupportedInterfaceOrientations_iPhone = "UIInterfaceOrientationPortrait UIInterfaceOrientationLandscapeLeft UIInterfaceOrientationLandscapeRight";
				LD_RUNPATH_SEARCH_PATHS = (
					"$(inherited)",
					"@executable_path/Frameworks",
				);
				MARKETING_VERSION = 1.0;
				PRODUCT_BUNDLE_IDENTIFIER = com.QuizzApp.HasanNarli.QuizzApp;
				PRODUCT_NAME = "$(TARGET_NAME)";
				SWIFT_EMIT_LOC_STRINGS = YES;
				SWIFT_VERSION = 5.0;
				TARGETED_DEVICE_FAMILY = "1,2";
			};
			name = Debug;
		};
		47510F882B4BF7370035ADC2 /* Release */ = {
			isa = XCBuildConfiguration;
			buildSettings = {
				ASSETCATALOG_COMPILER_APPICON_NAME = AppIcon;
				ASSETCATALOG_COMPILER_GLOBAL_ACCENT_COLOR_NAME = AccentColor;
				CODE_SIGN_STYLE = Automatic;
				CURRENT_PROJECT_VERSION = 1;
				DEVELOPMENT_TEAM = C9LRRBJZXQ;
				GENERATE_INFOPLIST_FILE = YES;
				INFOPLIST_FILE = QuizzApp/Info.plist;
				INFOPLIST_KEY_UIApplicationSupportsIndirectInputEvents = YES;
				INFOPLIST_KEY_UILaunchStoryboardName = LaunchScreen;
				INFOPLIST_KEY_UIMainStoryboardFile = Main;
				INFOPLIST_KEY_UISupportedInterfaceOrientations_iPad = "UIInterfaceOrientationPortrait UIInterfaceOrientationPortraitUpsideDown UIInterfaceOrientationLandscapeLeft UIInterfaceOrientationLandscapeRight";
				INFOPLIST_KEY_UISupportedInterfaceOrientations_iPhone = "UIInterfaceOrientationPortrait UIInterfaceOrientationLandscapeLeft UIInterfaceOrientationLandscapeRight";
				LD_RUNPATH_SEARCH_PATHS = (
					"$(inherited)",
					"@executable_path/Frameworks",
				);
				MARKETING_VERSION = 1.0;
				PRODUCT_BUNDLE_IDENTIFIER = com.QuizzApp.HasanNarli.QuizzApp;
				PRODUCT_NAME = "$(TARGET_NAME)";
				SWIFT_EMIT_LOC_STRINGS = YES;
				SWIFT_VERSION = 5.0;
				TARGETED_DEVICE_FAMILY = "1,2";
			};
			name = Release;
		};
		47510F8A2B4BF7370035ADC2 /* Debug */ = {
			isa = XCBuildConfiguration;
			buildSettings = {
				ALWAYS_EMBED_SWIFT_STANDARD_LIBRARIES = YES;
				BUNDLE_LOADER = "$(TEST_HOST)";
				CODE_SIGN_STYLE = Automatic;
				CURRENT_PROJECT_VERSION = 1;
				DEVELOPMENT_TEAM = C9LRRBJZXQ;
				GENERATE_INFOPLIST_FILE = YES;
				IPHONEOS_DEPLOYMENT_TARGET = 17.0;
				MARKETING_VERSION = 1.0;
				PRODUCT_BUNDLE_IDENTIFIER = com.QuizzApp.HasanNarli.QuizzAppTests;
				PRODUCT_NAME = "$(TARGET_NAME)";
				SWIFT_EMIT_LOC_STRINGS = NO;
				SWIFT_VERSION = 5.0;
				TARGETED_DEVICE_FAMILY = "1,2";
				TEST_HOST = "$(BUILT_PRODUCTS_DIR)/QuizzApp.app/$(BUNDLE_EXECUTABLE_FOLDER_PATH)/QuizzApp";
			};
			name = Debug;
		};
		47510F8B2B4BF7370035ADC2 /* Release */ = {
			isa = XCBuildConfiguration;
			buildSettings = {
				ALWAYS_EMBED_SWIFT_STANDARD_LIBRARIES = YES;
				BUNDLE_LOADER = "$(TEST_HOST)";
				CODE_SIGN_STYLE = Automatic;
				CURRENT_PROJECT_VERSION = 1;
				DEVELOPMENT_TEAM = C9LRRBJZXQ;
				GENERATE_INFOPLIST_FILE = YES;
				IPHONEOS_DEPLOYMENT_TARGET = 17.0;
				MARKETING_VERSION = 1.0;
				PRODUCT_BUNDLE_IDENTIFIER = com.QuizzApp.HasanNarli.QuizzAppTests;
				PRODUCT_NAME = "$(TARGET_NAME)";
				SWIFT_EMIT_LOC_STRINGS = NO;
				SWIFT_VERSION = 5.0;
				TARGETED_DEVICE_FAMILY = "1,2";
				TEST_HOST = "$(BUILT_PRODUCTS_DIR)/QuizzApp.app/$(BUNDLE_EXECUTABLE_FOLDER_PATH)/QuizzApp";
			};
			name = Release;
		};
		47510F8D2B4BF7370035ADC2 /* Debug */ = {
			isa = XCBuildConfiguration;
			buildSettings = {
				ALWAYS_EMBED_SWIFT_STANDARD_LIBRARIES = YES;
				CODE_SIGN_STYLE = Automatic;
				CURRENT_PROJECT_VERSION = 1;
				DEVELOPMENT_TEAM = C9LRRBJZXQ;
				GENERATE_INFOPLIST_FILE = YES;
				MARKETING_VERSION = 1.0;
				PRODUCT_BUNDLE_IDENTIFIER = com.QuizzApp.HasanNarli.QuizzAppUITests;
				PRODUCT_NAME = "$(TARGET_NAME)";
				SWIFT_EMIT_LOC_STRINGS = NO;
				SWIFT_VERSION = 5.0;
				TARGETED_DEVICE_FAMILY = "1,2";
				TEST_TARGET_NAME = QuizzApp;
			};
			name = Debug;
		};
		47510F8E2B4BF7370035ADC2 /* Release */ = {
			isa = XCBuildConfiguration;
			buildSettings = {
				ALWAYS_EMBED_SWIFT_STANDARD_LIBRARIES = YES;
				CODE_SIGN_STYLE = Automatic;
				CURRENT_PROJECT_VERSION = 1;
				DEVELOPMENT_TEAM = C9LRRBJZXQ;
				GENERATE_INFOPLIST_FILE = YES;
				MARKETING_VERSION = 1.0;
				PRODUCT_BUNDLE_IDENTIFIER = com.QuizzApp.HasanNarli.QuizzAppUITests;
				PRODUCT_NAME = "$(TARGET_NAME)";
				SWIFT_EMIT_LOC_STRINGS = NO;
				SWIFT_VERSION = 5.0;
				TARGETED_DEVICE_FAMILY = "1,2";
				TEST_TARGET_NAME = QuizzApp;
			};
			name = Release;
		};
/* End XCBuildConfiguration section */

/* Begin XCConfigurationList section */
		47510F542B4BF7350035ADC2 /* Build configuration list for PBXProject "QuizzApp" */ = {
			isa = XCConfigurationList;
			buildConfigurations = (
				47510F842B4BF7370035ADC2 /* Debug */,
				47510F852B4BF7370035ADC2 /* Release */,
			);
			defaultConfigurationIsVisible = 0;
			defaultConfigurationName = Release;
		};
		47510F862B4BF7370035ADC2 /* Build configuration list for PBXNativeTarget "QuizzApp" */ = {
			isa = XCConfigurationList;
			buildConfigurations = (
				47510F872B4BF7370035ADC2 /* Debug */,
				47510F882B4BF7370035ADC2 /* Release */,
			);
			defaultConfigurationIsVisible = 0;
			defaultConfigurationName = Release;
		};
		47510F892B4BF7370035ADC2 /* Build configuration list for PBXNativeTarget "QuizzAppTests" */ = {
			isa = XCConfigurationList;
			buildConfigurations = (
				47510F8A2B4BF7370035ADC2 /* Debug */,
				47510F8B2B4BF7370035ADC2 /* Release */,
			);
			defaultConfigurationIsVisible = 0;
			defaultConfigurationName = Release;
		};
		47510F8C2B4BF7370035ADC2 /* Build configuration list for PBXNativeTarget "QuizzAppUITests" */ = {
			isa = XCConfigurationList;
			buildConfigurations = (
				47510F8D2B4BF7370035ADC2 /* Debug */,
				47510F8E2B4BF7370035ADC2 /* Release */,
			);
			defaultConfigurationIsVisible = 0;
			defaultConfigurationName = Release;
		};
/* End XCConfigurationList section */

/* Begin XCVersionGroup section */
		47510F652B4BF7350035ADC2 /* QuizzApp.xcdatamodeld */ = {
			isa = XCVersionGroup;
			children = (
				47510F662B4BF7350035ADC2 /* QuizzApp.xcdatamodel */,
			);
			currentVersion = 47510F662B4BF7350035ADC2 /* QuizzApp.xcdatamodel */;
			path = QuizzApp.xcdatamodeld;
			sourceTree = "<group>";
			versionGroupType = wrapper.xcdatamodel;
		};
/* End XCVersionGroup section */
	};
	rootObject = 47510F512B4BF7350035ADC2 /* Project object */;
}
